
Microsoft Visual Studio Solution File, Format Version 12.00
# Visual Studio 2015
Project("{FAE04EC0-301F-11D3-BF4B-00C04F79EFBC}") = "Pappu.CSharp", "Pappu.CSharp.csproj", "{CA0534A4-0DFF-A3A8-737E-9609A0FE278F}"
EndProject
Global
	GlobalSection(SolutionConfigurationPlatforms) = preSolution
		Debug|Any CPU = Debug|Any CPU
		Release|Any CPU = Release|Any CPU
	EndGlobalSection
	GlobalSection(ProjectConfigurationPlatforms) = postSolution
		{CA0534A4-0DFF-A3A8-737E-9609A0FE278F}.Debug|Any CPU.ActiveCfg = Debug|Any CPU
		{CA0534A4-0DFF-A3A8-737E-9609A0FE278F}.Debug|Any CPU.Build.0 = Debug|Any CPU
		{CA0534A4-0DFF-A3A8-737E-9609A0FE278F}.Release|Any CPU.ActiveCfg = Release|Any CPU
		{CA0534A4-0DFF-A3A8-737E-9609A0FE278F}.Release|Any CPU.Build.0 = Release|Any CPU
	EndGlobalSection
	GlobalSection(SolutionProperties) = preSolution
		HideSolutionNode = FALSE
	EndGlobalSection
EndGlobal
